
Microsoft Visual Studio Solution File, Format Version 12.00
# Visual Studio Version 16
VisualStudioVersion = 16.0.31702.278
MinimumVisualStudioVersion = 10.0.40219.1
Project("{FAE04EC0-301F-11D3-BF4B-00C04F79EFBC}") = "MVC e-Shopping", "MVC e-Shopping\MVC e-Shopping.csproj", "{B6DF3C57-D0B8-4520-BBB0-F6792155EF38}"
EndProject
Project("{FAE04EC0-301F-11D3-BF4B-00C04F79EFBC}") = "e-Shopping.Services", "e-Shopping.Services\e-Shopping.Services.csproj", "{6469647F-0CA5-448E-A679-0055750B1B6A}"
EndProject
Project("{FAE04EC0-301F-11D3-BF4B-00C04F79EFBC}") = "e-Shopping.Data", "e-Shopping.Data\e-Shopping.Data.csproj", "{74304F38-8C79-4E1F-B1DB-8A15D495989D}"
EndProject
Global
	GlobalSection(SolutionConfigurationPlatforms) = preSolution
		Debug|Any CPU = Debug|Any CPU
		Release|Any CPU = Release|Any CPU
	EndGlobalSection
	GlobalSection(ProjectConfigurationPlatforms) = postSolution
		{B6DF3C57-D0B8-4520-BBB0-F6792155EF38}.Debug|Any CPU.ActiveCfg = Debug|Any CPU
		{B6DF3C57-D0B8-4520-BBB0-F6792155EF38}.Debug|Any CPU.Build.0 = Debug|Any CPU
		{B6DF3C57-D0B8-4520-BBB0-F6792155EF38}.Release|Any CPU.ActiveCfg = Release|Any CPU
		{B6DF3C57-D0B8-4520-BBB0-F6792155EF38}.Release|Any CPU.Build.0 = Release|Any CPU
		{6469647F-0CA5-448E-A679-0055750B1B6A}.Debug|Any CPU.ActiveCfg = Debug|Any CPU
		{6469647F-0CA5-448E-A679-0055750B1B6A}.Debug|Any CPU.Build.0 = Debug|Any CPU
		{6469647F-0CA5-448E-A679-0055750B1B6A}.Release|Any CPU.ActiveCfg = Release|Any CPU
		{6469647F-0CA5-448E-A679-0055750B1B6A}.Release|Any CPU.Build.0 = Release|Any CPU
		{74304F38-8C79-4E1F-B1DB-8A15D495989D}.Debug|Any CPU.ActiveCfg = Debug|Any CPU
		{74304F38-8C79-4E1F-B1DB-8A15D495989D}.Debug|Any CPU.Build.0 = Debug|Any CPU
		{74304F38-8C79-4E1F-B1DB-8A15D495989D}.Release|Any CPU.ActiveCfg = Release|Any CPU
		{74304F38-8C79-4E1F-B1DB-8A15D495989D}.Release|Any CPU.Build.0 = Release|Any CPU
	EndGlobalSection
	GlobalSection(SolutionProperties) = preSolution
		HideSolutionNode = FALSE
	EndGlobalSection
	GlobalSection(ExtensibilityGlobals) = postSolution
		SolutionGuid = {7D832E75-0DC0-4CA6-A235-F5A407238A9F}
	EndGlobalSection
EndGlobal
