
Microsoft Visual Studio Solution File, Format Version 12.00
# Visual Studio Version 16
VisualStudioVersion = 16.0.31702.278
MinimumVisualStudioVersion = 10.0.40219.1
Project("{FAE04EC0-301F-11D3-BF4B-00C04F79EFBC}") = "E-shopping", "E-shopping.csproj", "{5CEA6112-2B4A-4B7D-ADA3-57780ECF83CA}"
EndProject
Global
	GlobalSection(SolutionConfigurationPlatforms) = preSolution
		Debug|Any CPU = Debug|Any CPU
		Release|Any CPU = Release|Any CPU
	EndGlobalSection
	GlobalSection(ProjectConfigurationPlatforms) = postSolution
		{5CEA6112-2B4A-4B7D-ADA3-57780ECF83CA}.Debug|Any CPU.ActiveCfg = Debug|Any CPU
		{5CEA6112-2B4A-4B7D-ADA3-57780ECF83CA}.Debug|Any CPU.Build.0 = Debug|Any CPU
		{5CEA6112-2B4A-4B7D-ADA3-57780ECF83CA}.Release|Any CPU.ActiveCfg = Release|Any CPU
		{5CEA6112-2B4A-4B7D-ADA3-57780ECF83CA}.Release|Any CPU.Build.0 = Release|Any CPU
	EndGlobalSection
	GlobalSection(SolutionProperties) = preSolution
		HideSolutionNode = FALSE
	EndGlobalSection
	GlobalSection(ExtensibilityGlobals) = postSolution
		SolutionGuid = {21128914-6761-4D45-AECD-F1E8E8E04815}
	EndGlobalSection
EndGlobal
